
Microsoft Visual Studio Solution File, Format Version 12.00
# Visual Studio Version 16
VisualStudioVersion = 16.0.30503.244
MinimumVisualStudioVersion = 10.0.40219.1
Project("{FAE04EC0-301F-11D3-BF4B-00C04F79EFBC}") = "Aula07_AquecimentoCalculadora", "Aula07_AquecimentoCalculadora\Aula07_AquecimentoCalculadora.csproj", "{EDDBE99A-1ADF-4038-9938-562094769DCD}"
EndProject
Global
	GlobalSection(SolutionConfigurationPlatforms) = preSolution
		Debug|Any CPU = Debug|Any CPU
		Release|Any CPU = Release|Any CPU
	EndGlobalSection
	GlobalSection(ProjectConfigurationPlatforms) = postSolution
		{EDDBE99A-1ADF-4038-9938-562094769DCD}.Debug|Any CPU.ActiveCfg = Debug|Any CPU
		{EDDBE99A-1ADF-4038-9938-562094769DCD}.Debug|Any CPU.Build.0 = Debug|Any CPU
		{EDDBE99A-1ADF-4038-9938-562094769DCD}.Release|Any CPU.ActiveCfg = Release|Any CPU
		{EDDBE99A-1ADF-4038-9938-562094769DCD}.Release|Any CPU.Build.0 = Release|Any CPU
	EndGlobalSection
	GlobalSection(SolutionProperties) = preSolution
		HideSolutionNode = FALSE
	EndGlobalSection
	GlobalSection(ExtensibilityGlobals) = postSolution
		SolutionGuid = {26A31640-7B2A-49A3-8435-94DEE7FC6B4D}
	EndGlobalSection
EndGlobal
